
Microsoft Visual Studio Solution File, Format Version 12.00
# Visual Studio Version 16
VisualStudioVersion = 16.0.30330.147
MinimumVisualStudioVersion = 10.0.40219.1
Project("{FAE04EC0-301F-11D3-BF4B-00C04F79EFBC}") = "Treehouse", "Treehouse\Treehouse.csproj", "{AD545A80-2374-42BE-BF71-2CFE35FA9928}"
EndProject
Global
	GlobalSection(SolutionConfigurationPlatforms) = preSolution
		Debug|Any CPU = Debug|Any CPU
		Release|Any CPU = Release|Any CPU
	EndGlobalSection
	GlobalSection(ProjectConfigurationPlatforms) = postSolution
		{AD545A80-2374-42BE-BF71-2CFE35FA9928}.Debug|Any CPU.ActiveCfg = Debug|Any CPU
		{AD545A80-2374-42BE-BF71-2CFE35FA9928}.Debug|Any CPU.Build.0 = Debug|Any CPU
		{AD545A80-2374-42BE-BF71-2CFE35FA9928}.Release|Any CPU.ActiveCfg = Release|Any CPU
		{AD545A80-2374-42BE-BF71-2CFE35FA9928}.Release|Any CPU.Build.0 = Release|Any CPU
	EndGlobalSection
	GlobalSection(SolutionProperties) = preSolution
		HideSolutionNode = FALSE
	EndGlobalSection
	GlobalSection(ExtensibilityGlobals) = postSolution
		SolutionGuid = {D3348EF1-1BCA-4AFF-885C-0A6883E5F54C}
	EndGlobalSection
EndGlobal
